<?xml version="1.0" encoding="UTF-8" standalone="yes" ?>
<CodeBlocks_project_file>
	<FileVersion major="1" minor="6" />
	<Project>
		<Option title="Freesteam" />
		<Option platforms="Windows;" />
		<Option makefile_is_custom="1" />
		<Option execution_dir="./" />
		<Option pch_mode="2" />
		<Option compiler="gcc" />
		<Build>
			<Target title="Release32">
				<Option platforms="Windows;" />
				<Option output="freesteam.xll" prefix_auto="0" extension_auto="0" />
				<Option object_output="./obj/" />
				<Option type="3" />
				<Option compiler="gcc" />
				<Compiler>
					<Add option="-Wall" />
					<Add option="-DBUILD_DLL" />
				</Compiler>
				<Linker>
					<Add option="-s" />
				</Linker>
				<ExtraCommands>
					<Add before="mingw32-make -f RunInterfaceGenerator.mak BUILD=Release" />
					<Mode after="always" />
				</ExtraCommands>
				<MakeCommands>
					<Build command="mingw32-make PLATFORM=WIN32" />
					<CompileFile command="$make -f $makefile PLATFORM=WIN32 $file" />
					<Clean command="mingw32-make clean PLATFORM=WIN32" />
					<DistClean command="$make -f $makefile distclean$target" />
					<AskRebuildNeeded command="$make -q -f $makefile PLATFORM=WIN32 $target" />
					<SilentBuild command="mingw32-make PLATFORM=WIN32 &gt; $(CMD_NULL)" />
				</MakeCommands>
			</Target>
			<Target title="Release64">
				<Option platforms="Windows;" />
				<Option output="freesteam-w64.xll" prefix_auto="0" extension_auto="0" />
				<Option object_output="./obj/" />
				<Option type="3" />
				<Option compiler="gcc" />
				<Compiler>
					<Add option="-Wall" />
					<Add option="-DBUILD_DLL" />
				</Compiler>
				<Linker>
					<Add option="-s" />
				</Linker>
				<ExtraCommands>
					<Add before="mingw32-make -f RunInterfaceGenerator.mak BUILD=Release" />
					<Mode after="always" />
				</ExtraCommands>
				<MakeCommands>
					<Build command="$make -f $makefile PLATFORM=WIN64 $target" />
					<CompileFile command="$make -f $makefile PLATFORM=WIN64 $file" />
					<Clean command="$make -f $makefile PLATFORM=WIN64 clean$target" />
					<DistClean command="$make -f $makefile distclean$target" />
					<AskRebuildNeeded command="$make -q -f $makefile PLATFORM=WIN64 $target" />
					<SilentBuild command="$make -s -f $makefile PLATFORM=WIN64 $target" />
				</MakeCommands>
			</Target>
		</Build>
		<Compiler>
			<Add directory="$(XLW)/xlw/include" />
			<Add directory="../" />
		</Compiler>
		<Linker>
			<Add option="-static" />
			<Add library="user32" />
			<Add library='&quot;$(XLW)\xlw\lib\libxlw-gcc-s-4_0_0f0.a&quot;' />
		</Linker>
		<Unit filename="../b23.c">
			<Option compilerVar="CC" />
		</Unit>
		<Unit filename="../b23.h" />
		<Unit filename="../backwards.c">
			<Option compilerVar="CC" />
		</Unit>
		<Unit filename="../backwards.h" />
		<Unit filename="../bounds.c">
			<Option compilerVar="CC" />
		</Unit>
		<Unit filename="../bounds.h" />
		<Unit filename="../common.c">
			<Option compilerVar="CC" />
		</Unit>
		<Unit filename="../common.h" />
		<Unit filename="../config.h" />
		<Unit filename="../derivs.c">
			<Option compilerVar="CC" />
		</Unit>
		<Unit filename="../derivs.h" />
		<Unit filename="../region1.c">
			<Option compilerVar="CC" />
		</Unit>
		<Unit filename="../region1.h" />
		<Unit filename="../region2.c">
			<Option compilerVar="CC" />
		</Unit>
		<Unit filename="../region2.h" />
		<Unit filename="../region3.c">
			<Option compilerVar="CC" />
		</Unit>
		<Unit filename="../region3.h" />
		<Unit filename="../region4.c">
			<Option compilerVar="CC" />
		</Unit>
		<Unit filename="../region4.h" />
		<Unit filename="../solver2.c">
			<Option compilerVar="CC" />
		</Unit>
		<Unit filename="../solver2.h" />
		<Unit filename="../steam.c">
			<Option compilerVar="CC" />
		</Unit>
		<Unit filename="../steam.h" />
		<Unit filename="../steam_Ts.c">
			<Option compilerVar="CC" />
		</Unit>
		<Unit filename="../steam_Ts.h" />
		<Unit filename="../steam_pT.c">
			<Option compilerVar="CC" />
		</Unit>
		<Unit filename="../steam_pT.h" />
		<Unit filename="../steam_ph.c">
			<Option compilerVar="CC" />
		</Unit>
		<Unit filename="../steam_ph.h" />
		<Unit filename="../steam_ps.c">
			<Option compilerVar="CC" />
		</Unit>
		<Unit filename="../steam_ps.h" />
		<Unit filename="../steam_pu.c">
			<Option compilerVar="CC" />
		</Unit>
		<Unit filename="../steam_pu.h" />
		<Unit filename="../steam_pv.c">
			<Option compilerVar="CC" />
		</Unit>
		<Unit filename="../steam_pv.h" />
		<Unit filename="../surftens.c">
			<Option compilerVar="CC" />
		</Unit>
		<Unit filename="../surftens.h" />
		<Unit filename="../thcond.c">
			<Option compilerVar="CC" />
		</Unit>
		<Unit filename="../thcond.h" />
		<Unit filename="../viscosity.c">
			<Option compilerVar="CC" />
		</Unit>
		<Unit filename="../viscosity.h" />
		<Unit filename="../zeroin.c">
			<Option compilerVar="CC" />
		</Unit>
		<Unit filename="../zeroin.h" />
		<Unit filename="Makefile" />
		<Unit filename="ReadMe.txt" />
		<Unit filename="cppinterface.h" />
		<Unit filename="fstm.h" />
		<Unit filename="fstm_Ts.cpp" />
		<Unit filename="fstm_pT.cpp" />
		<Unit filename="fstm_ph.cpp" />
		<Unit filename="fstm_ps.cpp" />
		<Unit filename="fstm_pu.cpp" />
		<Unit filename="fstm_pv.cpp" />
		<Unit filename="fstm_sat.cpp" />
		<Unit filename="xlwWrapper.cpp" />
		<Extensions>
			<code_completion />
			<debugger />
			<envvars />
		</Extensions>
	</Project>
</CodeBlocks_project_file>
